Microsoft Visual Studio Solution File, Format Version 12.00
# Visual Studio Version 17
VisualStudioVersion = 17.5.2.0
MinimumVisualStudioVersion = 10.0.40219.1
Project("{2150E333-8FDC-42A3-9474-1A3956D46DE8}") = "ProjectE-Commerce", "ProjectE-Commerce", "{924439B1-7127-E258-BD3C-183CE2001DA2}"
EndProject
Project("{2150E333-8FDC-42A3-9474-1A3956D46DE8}") = "Exercicios", "Exercicios", "{BAC9D906-05E2-9CB0-68A0-DE46599E1ECB}"
EndProject
Project("{FAE04EC0-301F-11D3-BF4B-00C04F79EFBC}") = "E-CommerceProject", "ProjectE-Commerce\E-CommerceProject\E-CommerceProject.csproj", "{53120E22-FC77-47EF-25B7-352B54950700}"
EndProject
Project("{FAE04EC0-301F-11D3-BF4B-00C04F79EFBC}") = "Prova1", "Exercicios\Prova1\Prova1.csproj", "{1632011B-5065-EA63-1BD9-E4F3E3E67C11}"
EndProject
Project("{FAE04EC0-301F-11D3-BF4B-00C04F79EFBC}") = "lista01_POO", "Exercicios\lista01_POO\lista01_POO.csproj", "{2CE5B5BA-9F50-38FB-BA28-BD89CBC4086F}"
EndProject
Project("{FAE04EC0-301F-11D3-BF4B-00C04F79EFBC}") = "lista03_POO", "Exercicios\lista03_POO\lista03_POO.csproj", "{BE0CA6A4-881F-6ACC-AC28-0915CC02C3CC}"
EndProject
Project("{2150E333-8FDC-42A3-9474-1A3956D46DE8}") = "lista04_POO", "lista04_POO", "{48296B74-4564-63ED-DA8E-B44C99D85357}"
EndProject
Project("{FAE04EC0-301F-11D3-BF4B-00C04F79EFBC}") = "lista04_Q3", "Exercicios\lista04_POO\lista04_Q3\lista04_Q3.csproj", "{43A33429-0DFB-3005-6132-AC0044532153}"
EndProject
Project("{FAE04EC0-301F-11D3-BF4B-00C04F79EFBC}") = "lista04_Q2", "Exercicios\lista04_POO\lista04_Q2\lista04_Q2.csproj", "{E6610AE9-9DE6-E2B6-629B-E6944EDF1A26}"
EndProject
Project("{FAE04EC0-301F-11D3-BF4B-00C04F79EFBC}") = "lista04_Q1", "Exercicios\lista04_POO\lista04_Q1\lista04_Q1.csproj", "{676965F0-64B7-EF34-8661-3EE3DEB2D18F}"
EndProject
Project("{2150E333-8FDC-42A3-9474-1A3956D46DE8}") = "lista05_POO", "lista05_POO", "{DA13442E-DB36-67BA-3BA3-641F3E5B7331}"
EndProject
Project("{FAE04EC0-301F-11D3-BF4B-00C04F79EFBC}") = "lista05_Q2", "Exercicios\lista05_POO\lista05_Q2\lista05_Q2.csproj", "{F4FEFC6B-0939-1235-0968-E25243140777}"
EndProject
Project("{FAE04EC0-301F-11D3-BF4B-00C04F79EFBC}") = "lista05_Q1", "Exercicios\lista05_POO\lista05_Q1\lista05_Q1.csproj", "{9FE7FC3D-DDBE-D4EF-1E79-824D69E0EA60}"
EndProject
Global
	GlobalSection(SolutionConfigurationPlatforms) = preSolution
		Debug|Any CPU = Debug|Any CPU
		Release|Any CPU = Release|Any CPU
	EndGlobalSection
	GlobalSection(ProjectConfigurationPlatforms) = postSolution
		{53120E22-FC77-47EF-25B7-352B54950700}.Debug|Any CPU.ActiveCfg = Debug|Any CPU
		{53120E22-FC77-47EF-25B7-352B54950700}.Debug|Any CPU.Build.0 = Debug|Any CPU
		{53120E22-FC77-47EF-25B7-352B54950700}.Release|Any CPU.ActiveCfg = Release|Any CPU
		{53120E22-FC77-47EF-25B7-352B54950700}.Release|Any CPU.Build.0 = Release|Any CPU
		{1632011B-5065-EA63-1BD9-E4F3E3E67C11}.Debug|Any CPU.ActiveCfg = Debug|Any CPU
		{1632011B-5065-EA63-1BD9-E4F3E3E67C11}.Debug|Any CPU.Build.0 = Debug|Any CPU
		{1632011B-5065-EA63-1BD9-E4F3E3E67C11}.Release|Any CPU.ActiveCfg = Release|Any CPU
		{1632011B-5065-EA63-1BD9-E4F3E3E67C11}.Release|Any CPU.Build.0 = Release|Any CPU
		{2CE5B5BA-9F50-38FB-BA28-BD89CBC4086F}.Debug|Any CPU.ActiveCfg = Debug|Any CPU
		{2CE5B5BA-9F50-38FB-BA28-BD89CBC4086F}.Debug|Any CPU.Build.0 = Debug|Any CPU
		{2CE5B5BA-9F50-38FB-BA28-BD89CBC4086F}.Release|Any CPU.ActiveCfg = Release|Any CPU
		{2CE5B5BA-9F50-38FB-BA28-BD89CBC4086F}.Release|Any CPU.Build.0 = Release|Any CPU
		{BE0CA6A4-881F-6ACC-AC28-0915CC02C3CC}.Debug|Any CPU.ActiveCfg = Debug|Any CPU
		{BE0CA6A4-881F-6ACC-AC28-0915CC02C3CC}.Debug|Any CPU.Build.0 = Debug|Any CPU
		{BE0CA6A4-881F-6ACC-AC28-0915CC02C3CC}.Release|Any CPU.ActiveCfg = Release|Any CPU
		{BE0CA6A4-881F-6ACC-AC28-0915CC02C3CC}.Release|Any CPU.Build.0 = Release|Any CPU
		{43A33429-0DFB-3005-6132-AC0044532153}.Debug|Any CPU.ActiveCfg = Debug|Any CPU
		{43A33429-0DFB-3005-6132-AC0044532153}.Debug|Any CPU.Build.0 = Debug|Any CPU
		{43A33429-0DFB-3005-6132-AC0044532153}.Release|Any CPU.ActiveCfg = Release|Any CPU
		{43A33429-0DFB-3005-6132-AC0044532153}.Release|Any CPU.Build.0 = Release|Any CPU
		{E6610AE9-9DE6-E2B6-629B-E6944EDF1A26}.Debug|Any CPU.ActiveCfg = Debug|Any CPU
		{E6610AE9-9DE6-E2B6-629B-E6944EDF1A26}.Debug|Any CPU.Build.0 = Debug|Any CPU
		{E6610AE9-9DE6-E2B6-629B-E6944EDF1A26}.Release|Any CPU.ActiveCfg = Release|Any CPU
		{E6610AE9-9DE6-E2B6-629B-E6944EDF1A26}.Release|Any CPU.Build.0 = Release|Any CPU
		{676965F0-64B7-EF34-8661-3EE3DEB2D18F}.Debug|Any CPU.ActiveCfg = Debug|Any CPU
		{676965F0-64B7-EF34-8661-3EE3DEB2D18F}.Debug|Any CPU.Build.0 = Debug|Any CPU
		{676965F0-64B7-EF34-8661-3EE3DEB2D18F}.Release|Any CPU.ActiveCfg = Release|Any CPU
		{676965F0-64B7-EF34-8661-3EE3DEB2D18F}.Release|Any CPU.Build.0 = Release|Any CPU
		{F4FEFC6B-0939-1235-0968-E25243140777}.Debug|Any CPU.ActiveCfg = Debug|Any CPU
		{F4FEFC6B-0939-1235-0968-E25243140777}.Debug|Any CPU.Build.0 = Debug|Any CPU
		{F4FEFC6B-0939-1235-0968-E25243140777}.Release|Any CPU.ActiveCfg = Release|Any CPU
		{F4FEFC6B-0939-1235-0968-E25243140777}.Release|Any CPU.Build.0 = Release|Any CPU
		{9FE7FC3D-DDBE-D4EF-1E79-824D69E0EA60}.Debug|Any CPU.ActiveCfg = Debug|Any CPU
		{9FE7FC3D-DDBE-D4EF-1E79-824D69E0EA60}.Debug|Any CPU.Build.0 = Debug|Any CPU
		{9FE7FC3D-DDBE-D4EF-1E79-824D69E0EA60}.Release|Any CPU.ActiveCfg = Release|Any CPU
		{9FE7FC3D-DDBE-D4EF-1E79-824D69E0EA60}.Release|Any CPU.Build.0 = Release|Any CPU
	EndGlobalSection
	GlobalSection(SolutionProperties) = preSolution
		HideSolutionNode = FALSE
	EndGlobalSection
	GlobalSection(NestedProjects) = preSolution
		{53120E22-FC77-47EF-25B7-352B54950700} = {924439B1-7127-E258-BD3C-183CE2001DA2}
		{1632011B-5065-EA63-1BD9-E4F3E3E67C11} = {BAC9D906-05E2-9CB0-68A0-DE46599E1ECB}
		{2CE5B5BA-9F50-38FB-BA28-BD89CBC4086F} = {BAC9D906-05E2-9CB0-68A0-DE46599E1ECB}
		{BE0CA6A4-881F-6ACC-AC28-0915CC02C3CC} = {BAC9D906-05E2-9CB0-68A0-DE46599E1ECB}
		{48296B74-4564-63ED-DA8E-B44C99D85357} = {BAC9D906-05E2-9CB0-68A0-DE46599E1ECB}
		{43A33429-0DFB-3005-6132-AC0044532153} = {48296B74-4564-63ED-DA8E-B44C99D85357}
		{E6610AE9-9DE6-E2B6-629B-E6944EDF1A26} = {48296B74-4564-63ED-DA8E-B44C99D85357}
		{676965F0-64B7-EF34-8661-3EE3DEB2D18F} = {48296B74-4564-63ED-DA8E-B44C99D85357}
		{DA13442E-DB36-67BA-3BA3-641F3E5B7331} = {BAC9D906-05E2-9CB0-68A0-DE46599E1ECB}
		{F4FEFC6B-0939-1235-0968-E25243140777} = {DA13442E-DB36-67BA-3BA3-641F3E5B7331}
		{9FE7FC3D-DDBE-D4EF-1E79-824D69E0EA60} = {DA13442E-DB36-67BA-3BA3-641F3E5B7331}
	EndGlobalSection
	GlobalSection(ExtensibilityGlobals) = postSolution
		SolutionGuid = {5C0D0FAB-AAD6-478B-B805-E563AD396AA0}
	EndGlobalSection
EndGlobal
