
Microsoft Visual Studio Solution File, Format Version 12.00
# Visual Studio Version 17
VisualStudioVersion = 17.5.002.0
MinimumVisualStudioVersion = 10.0.40219.1
Project("{2150E333-8FDC-42A3-9474-1A3956D46DE8}") = "Exercicios", "Exercicios", "{CDF81C01-72F8-4219-A865-22FF43981139}"
EndProject
Project("{2150E333-8FDC-42A3-9474-1A3956D46DE8}") = "lista01_c#poo", "lista01_c#poo", "{CE49357F-8A5D-4439-8EA9-70A2E54F07A2}"
EndProject
Project("{9A19103F-16F7-4668-BE54-9A1E7A4F7556}") = "lista01c#", "Exercicios\lista01_c#poo\lista01c#\lista01c#.csproj", "{E6A750A2-4C8C-4A7F-8614-ADD10023DF43}"
EndProject
Global
	GlobalSection(SolutionConfigurationPlatforms) = preSolution
		Debug|Any CPU = Debug|Any CPU
		Release|Any CPU = Release|Any CPU
	EndGlobalSection
	GlobalSection(ProjectConfigurationPlatforms) = postSolution
		{E6A750A2-4C8C-4A7F-8614-ADD10023DF43}.Debug|Any CPU.ActiveCfg = Debug|Any CPU
		{E6A750A2-4C8C-4A7F-8614-ADD10023DF43}.Debug|Any CPU.Build.0 = Debug|Any CPU
		{E6A750A2-4C8C-4A7F-8614-ADD10023DF43}.Release|Any CPU.ActiveCfg = Release|Any CPU
		{E6A750A2-4C8C-4A7F-8614-ADD10023DF43}.Release|Any CPU.Build.0 = Release|Any CPU
	EndGlobalSection
	GlobalSection(SolutionProperties) = preSolution
		HideSolutionNode = FALSE
	EndGlobalSection
	GlobalSection(NestedProjects) = preSolution
		{CE49357F-8A5D-4439-8EA9-70A2E54F07A2} = {CDF81C01-72F8-4219-A865-22FF43981139}
		{E6A750A2-4C8C-4A7F-8614-ADD10023DF43} = {CE49357F-8A5D-4439-8EA9-70A2E54F07A2}
	EndGlobalSection
	GlobalSection(ExtensibilityGlobals) = postSolution
		SolutionGuid = {10FBEDD0-E7DB-48D0-971D-7F2E1B559AA0}
	EndGlobalSection
EndGlobal
