
Microsoft Visual Studio Solution File, Format Version 12.00
# Visual Studio Version 17
VisualStudioVersion = 17.5.002.0
MinimumVisualStudioVersion = 10.0.40219.1
Project("{2150E333-8FDC-42A3-9474-1A3956D46DE8}") = "Exercicios", "Exercicios", "{4183A8C8-0543-4FE5-A6A7-3761F6AAF65E}"
EndProject
Project("{9A19103F-16F7-4668-BE54-9A1E7A4F7556}") = "lista01_POO", "Exercicios\lista01_POO\lista01_POO.csproj", "{FABD499D-FA68-4EBB-AA6D-160D2832EDDE}"
EndProject
Global
	GlobalSection(SolutionConfigurationPlatforms) = preSolution
		Debug|Any CPU = Debug|Any CPU
		Release|Any CPU = Release|Any CPU
	EndGlobalSection
	GlobalSection(ProjectConfigurationPlatforms) = postSolution
		{FABD499D-FA68-4EBB-AA6D-160D2832EDDE}.Debug|Any CPU.ActiveCfg = Debug|Any CPU
		{FABD499D-FA68-4EBB-AA6D-160D2832EDDE}.Debug|Any CPU.Build.0 = Debug|Any CPU
		{FABD499D-FA68-4EBB-AA6D-160D2832EDDE}.Release|Any CPU.ActiveCfg = Release|Any CPU
		{FABD499D-FA68-4EBB-AA6D-160D2832EDDE}.Release|Any CPU.Build.0 = Release|Any CPU
	EndGlobalSection
	GlobalSection(SolutionProperties) = preSolution
		HideSolutionNode = FALSE
	EndGlobalSection
	GlobalSection(NestedProjects) = preSolution
		{FABD499D-FA68-4EBB-AA6D-160D2832EDDE} = {4183A8C8-0543-4FE5-A6A7-3761F6AAF65E}
	EndGlobalSection
	GlobalSection(ExtensibilityGlobals) = postSolution
		SolutionGuid = {F96357ED-6FEF-4088-981B-630BEF4A19D3}
	EndGlobalSection
EndGlobal
